
Microsoft Visual Studio Solution File, Format Version 12.00
# Visual Studio Version 16
VisualStudioVersion = 16.0.32228.343
MinimumVisualStudioVersion = 10.0.40219.1
Project("{FAE04EC0-301F-11D3-BF4B-00C04F79EFBC}") = "projetods", "projetods\projetods.csproj", "{75A5D378-ABAA-418E-8BE9-CF062DF4DDAB}"
EndProject
Global
	GlobalSection(SolutionConfigurationPlatforms) = preSolution
		Debug|Any CPU = Debug|Any CPU
		Release|Any CPU = Release|Any CPU
	EndGlobalSection
	GlobalSection(ProjectConfigurationPlatforms) = postSolution
		{75A5D378-ABAA-418E-8BE9-CF062DF4DDAB}.Debug|Any CPU.ActiveCfg = Debug|Any CPU
		{75A5D378-ABAA-418E-8BE9-CF062DF4DDAB}.Debug|Any CPU.Build.0 = Debug|Any CPU
		{75A5D378-ABAA-418E-8BE9-CF062DF4DDAB}.Release|Any CPU.ActiveCfg = Release|Any CPU
		{75A5D378-ABAA-418E-8BE9-CF062DF4DDAB}.Release|Any CPU.Build.0 = Release|Any CPU
	EndGlobalSection
	GlobalSection(SolutionProperties) = preSolution
		HideSolutionNode = FALSE
	EndGlobalSection
	GlobalSection(ExtensibilityGlobals) = postSolution
		SolutionGuid = {BCA384A9-3750-4810-A641-48095B622B77}
	EndGlobalSection
EndGlobal
